{
  "name": "bluestream",
  "version": "1.0.0",
  "lockfileVersion": 1,
  "requires": true,
  "dependencies": {
    "argv-tools": {
      "version": "0.1.1",
      "resolved": "http://registry.npm.taobao.org/argv-tools/download/argv-tools-0.1.1.tgz",
      "integrity": "sha1-WIKD8zk62kcUFECxKYHNQb9rcDI=",
      "requires": {
        "array-back": "2.0.0",
        "find-replace": "2.0.1"
      }
    },
    "array-back": {
      "version": "2.0.0",
      "resolved": "http://registry.npm.taobao.org/array-back/download/array-back-2.0.0.tgz",
      "integrity": "sha1-aHdHHVHsycm/phNvtsfV/ml0gCI=",
      "requires": {
        "typical": "2.6.1"
      }
    },
    "bleno": {
      "version": "0.5.0",
      "resolved": "http://registry.npm.taobao.org/bleno/download/bleno-0.5.0.tgz",
      "integrity": "sha1-gLZM4yrZAhJnkBZmEYOCM9gpI5Y=",
      "requires": {
        "bplist-parser": "0.0.6",
        "debug": "2.6.9",
        "xpc-connection": "0.1.4"
      }
    },
    "bplist-parser": {
      "version": "0.0.6",
      "resolved": "http://registry.npm.taobao.org/bplist-parser/download/bplist-parser-0.0.6.tgz",
      "integrity": "sha1-ONo0cYF9+dRKs4kuJ3B7u9daEbk=",
      "optional": true
    },
    "command-line-args": {
      "version": "5.0.2",
      "resolved": "http://registry.npm.taobao.org/command-line-args/download/command-line-args-5.0.2.tgz",
      "integrity": "sha1-xOVrAWY2rxMjz0haolw8sgPfu+Q=",
      "requires": {
        "argv-tools": "0.1.1",
        "array-back": "2.0.0",
        "find-replace": "2.0.1",
        "lodash.camelcase": "4.3.0",
        "typical": "2.6.1"
      }
    },
    "debug": {
      "version": "2.6.9",
      "resolved": "http://registry.npm.taobao.org/debug/download/debug-2.6.9.tgz",
      "integrity": "sha1-XRKFFd8TT/Mn6QpMk/Tgd6U2NB8=",
      "requires": {
        "ms": "2.0.0"
      }
    },
    "double-ended-queue": {
      "version": "2.1.0-0",
      "resolved": "http://registry.npm.taobao.org/double-ended-queue/download/double-ended-queue-2.1.0-0.tgz",
      "integrity": "sha1-ED01J/0xUo9AGIEwyEHv3XgmTlw="
    },
    "find-replace": {
      "version": "2.0.1",
      "resolved": "http://registry.npm.taobao.org/find-replace/download/find-replace-2.0.1.tgz",
      "integrity": "sha1-bZaDp8og+PmqvqutB+TiWA9ShVA=",
      "requires": {
        "array-back": "2.0.0",
        "test-value": "3.0.0"
      }
    },
    "lodash.camelcase": {
      "version": "4.3.0",
      "resolved": "http://registry.npm.taobao.org/lodash.camelcase/download/lodash.camelcase-4.3.0.tgz",
      "integrity": "sha1-soqmKIorn8ZRA1x3EfZathkDMaY="
    },
    "ms": {
      "version": "2.0.0",
      "resolved": "http://registry.npm.taobao.org/ms/download/ms-2.0.0.tgz",
      "integrity": "sha1-VgiurfwAvmwpAd9fmGF4jeDVl8g="
    },
    "nan": {
      "version": "2.12.1",
      "resolved": "http://registry.npm.taobao.org/nan/download/nan-2.12.1.tgz",
      "integrity": "sha1-exqhk+mqhgV+PHu9CsRI53CSVVI=",
      "optional": true
    },
    "redis": {
      "version": "2.8.0",
      "resolved": "http://registry.npm.taobao.org/redis/download/redis-2.8.0.tgz",
      "integrity": "sha1-ICKI4/WMSfYHnZevehDhMDrhSwI=",
      "requires": {
        "double-ended-queue": "2.1.0-0",
        "redis-commands": "1.4.0",
        "redis-parser": "2.6.0"
      }
    },
    "redis-commands": {
      "version": "1.4.0",
      "resolved": "http://registry.npm.taobao.org/redis-commands/download/redis-commands-1.4.0.tgz",
      "integrity": "sha1-UvnPmRU+/M5WqPhq+Ya9BOmIYC8="
    },
    "redis-parser": {
      "version": "2.6.0",
      "resolved": "http://registry.npm.taobao.org/redis-parser/download/redis-parser-2.6.0.tgz",
      "integrity": "sha1-Uu0J2srBCPGmMcB+m2mUHnoZUEs="
    },
    "test-value": {
      "version": "3.0.0",
      "resolved": "http://registry.npm.taobao.org/test-value/download/test-value-3.0.0.tgz",
      "integrity": "sha1-kWjAYvqxGoa41ETdlou0tzhRzpI=",
      "requires": {
        "array-back": "2.0.0",
        "typical": "2.6.1"
      }
    },
    "typical": {
      "version": "2.6.1",
      "resolved": "http://registry.npm.taobao.org/typical/download/typical-2.6.1.tgz",
      "integrity": "sha1-XAgOXWYcu+OCWdLnCjxyU+hziB0="
    },
    "xpc-connection": {
      "version": "0.1.4",
      "resolved": "http://registry.npm.taobao.org/xpc-connection/download/xpc-connection-0.1.4.tgz",
      "integrity": "sha1-3Nf6oq7Gt6bhjMXdrQQvejTHcVY=",
      "optional": true,
      "requires": {
        "nan": "2.12.1"
      }
    }
  }
}
